
Microsoft Visual Studio Solution File, Format Version 12.00
# Visual Studio Version 17
VisualStudioVersion = 17.5.002.0
MinimumVisualStudioVersion = 10.0.40219.1
Project("{9A19103F-16F7-4668-BE54-9A1E7A4F7556}") = "WinUI3Host", "WinUI3Host\WinUI3Host.csproj", "{684D8D61-0509-405F-8E7F-D435EA85351F}"
EndProject
Global
	GlobalSection(SolutionConfigurationPlatforms) = preSolution
		Debug|Any CPU = Debug|Any CPU
		Release|Any CPU = Release|Any CPU
	EndGlobalSection
	GlobalSection(ProjectConfigurationPlatforms) = postSolution
		{684D8D61-0509-405F-8E7F-D435EA85351F}.Debug|Any CPU.ActiveCfg = Debug|Any CPU
		{684D8D61-0509-405F-8E7F-D435EA85351F}.Debug|Any CPU.Build.0 = Debug|Any CPU
		{684D8D61-0509-405F-8E7F-D435EA85351F}.Release|Any CPU.ActiveCfg = Release|Any CPU
		{684D8D61-0509-405F-8E7F-D435EA85351F}.Release|Any CPU.Build.0 = Release|Any CPU
	EndGlobalSection
	GlobalSection(SolutionProperties) = preSolution
		HideSolutionNode = FALSE
	EndGlobalSection
	GlobalSection(ExtensibilityGlobals) = postSolution
		SolutionGuid = {F7C545CF-7450-4985-A382-A82A3621A4B2}
	EndGlobalSection
EndGlobal
