
Microsoft Visual Studio Solution File, Format Version 12.00
# Visual Studio Version 17
VisualStudioVersion = 17.10.35027.167
MinimumVisualStudioVersion = 10.0.40219.1
Project("{9A19103F-16F7-4668-BE54-9A1E7A4F7556}") = "ClaudeApi.Agents", "ClaudeApi.Agents\ClaudeApi.Agents.csproj", "{97D64598-C172-40B8-93D1-A8BD4C2C52C2}"
EndProject
Project("{9A19103F-16F7-4668-BE54-9A1E7A4F7556}") = "ClaudeApi", "ClaudeApi\ClaudeApi.csproj", "{6467661D-82A0-4747-AB31-852F1A8955A1}"
EndProject
Project("{FAE04EC0-301F-11D3-BF4B-00C04F79EFBC}") = "CommandLineHost", "CommandLineHost\CommandLineHost.csproj", "{4867F656-A560-4B8B-B73A-33CF850FD837}"
EndProject
Global
	GlobalSection(SolutionConfigurationPlatforms) = preSolution
		Debug|Any CPU = Debug|Any CPU
		Release|Any CPU = Release|Any CPU
	EndGlobalSection
	GlobalSection(ProjectConfigurationPlatforms) = postSolution
		{97D64598-C172-40B8-93D1-A8BD4C2C52C2}.Debug|Any CPU.ActiveCfg = Debug|Any CPU
		{97D64598-C172-40B8-93D1-A8BD4C2C52C2}.Debug|Any CPU.Build.0 = Debug|Any CPU
		{97D64598-C172-40B8-93D1-A8BD4C2C52C2}.Release|Any CPU.ActiveCfg = Release|Any CPU
		{97D64598-C172-40B8-93D1-A8BD4C2C52C2}.Release|Any CPU.Build.0 = Release|Any CPU
		{6467661D-82A0-4747-AB31-852F1A8955A1}.Debug|Any CPU.ActiveCfg = Debug|Any CPU
		{6467661D-82A0-4747-AB31-852F1A8955A1}.Debug|Any CPU.Build.0 = Debug|Any CPU
		{6467661D-82A0-4747-AB31-852F1A8955A1}.Release|Any CPU.ActiveCfg = Release|Any CPU
		{6467661D-82A0-4747-AB31-852F1A8955A1}.Release|Any CPU.Build.0 = Release|Any CPU
		{4867F656-A560-4B8B-B73A-33CF850FD837}.Debug|Any CPU.ActiveCfg = Debug|Any CPU
		{4867F656-A560-4B8B-B73A-33CF850FD837}.Debug|Any CPU.Build.0 = Debug|Any CPU
		{4867F656-A560-4B8B-B73A-33CF850FD837}.Release|Any CPU.ActiveCfg = Release|Any CPU
		{4867F656-A560-4B8B-B73A-33CF850FD837}.Release|Any CPU.Build.0 = Release|Any CPU
	EndGlobalSection
	GlobalSection(SolutionProperties) = preSolution
		HideSolutionNode = FALSE
	EndGlobalSection
	GlobalSection(ExtensibilityGlobals) = postSolution
		SolutionGuid = {A14C6A5F-2984-48D6-A24C-F2F9E7D4A1ED}
	EndGlobalSection
EndGlobal
