
Microsoft Visual Studio Solution File, Format Version 12.00
# Visual Studio Version 17
VisualStudioVersion = 17.10.35027.167
MinimumVisualStudioVersion = 10.0.40219.1
Project("{9A19103F-16F7-4668-BE54-9A1E7A4F7556}") = "ClaudeApi.Agents", "ClaudeApi.Agents\ClaudeApi.Agents.csproj", "{97D64598-C172-40B8-93D1-A8BD4C2C52C2}"
EndProject
Project("{9A19103F-16F7-4668-BE54-9A1E7A4F7556}") = "ClaudeApi", "ClaudeApi\ClaudeApi.csproj", "{6467661D-82A0-4747-AB31-852F1A8955A1}"
EndProject
Project("{9A19103F-16F7-4668-BE54-9A1E7A4F7556}") = "CommandLineHost", "CommandLineHost\CommandLineHost.csproj", "{4867F656-A560-4B8B-B73A-33CF850FD837}"
EndProject
Project("{9A19103F-16F7-4668-BE54-9A1E7A4F7556}") = "Sanctuary", "Sanctuary\Sanctuary.csproj", "{585387E5-F7A7-4AA4-BA4C-354BCD6748C2}"
EndProject
Project("{C7167F0D-BC9F-4E6E-AFE1-012C56B48DB5}") = "WinUI3Host (Package)", "WinUI3Host\WinUI3Host (Package)\WinUI3Host (Package).wapproj", "{B17441AE-962F-4B2F-B533-2654AE6E5CF3}"
EndProject
Project("{9A19103F-16F7-4668-BE54-9A1E7A4F7556}") = "WinUI3Host", "WinUI3Host\WinUI3Host\WinUI3Host.csproj", "{A4BB9ECF-CBCD-4ED0-BE27-55D261EF8442}"
EndProject
Project("{FAE04EC0-301F-11D3-BF4B-00C04F79EFBC}") = "CodeAgents", "CodeAgents\CodeAgents.csproj", "{98ED680D-EEFA-4487-A903-A22B09E206F8}"
EndProject
Global
	GlobalSection(SolutionConfigurationPlatforms) = preSolution
		Debug|Any CPU = Debug|Any CPU
		Debug|ARM64 = Debug|ARM64
		Debug|x64 = Debug|x64
		Debug|x86 = Debug|x86
		Release|Any CPU = Release|Any CPU
		Release|ARM64 = Release|ARM64
		Release|x64 = Release|x64
		Release|x86 = Release|x86
	EndGlobalSection
	GlobalSection(ProjectConfigurationPlatforms) = postSolution
		{97D64598-C172-40B8-93D1-A8BD4C2C52C2}.Debug|Any CPU.ActiveCfg = Debug|Any CPU
		{97D64598-C172-40B8-93D1-A8BD4C2C52C2}.Debug|Any CPU.Build.0 = Debug|Any CPU
		{97D64598-C172-40B8-93D1-A8BD4C2C52C2}.Debug|ARM64.ActiveCfg = Debug|Any CPU
		{97D64598-C172-40B8-93D1-A8BD4C2C52C2}.Debug|ARM64.Build.0 = Debug|Any CPU
		{97D64598-C172-40B8-93D1-A8BD4C2C52C2}.Debug|x64.ActiveCfg = Debug|Any CPU
		{97D64598-C172-40B8-93D1-A8BD4C2C52C2}.Debug|x64.Build.0 = Debug|Any CPU
		{97D64598-C172-40B8-93D1-A8BD4C2C52C2}.Debug|x86.ActiveCfg = Debug|Any CPU
		{97D64598-C172-40B8-93D1-A8BD4C2C52C2}.Debug|x86.Build.0 = Debug|Any CPU
		{97D64598-C172-40B8-93D1-A8BD4C2C52C2}.Release|Any CPU.ActiveCfg = Release|Any CPU
		{97D64598-C172-40B8-93D1-A8BD4C2C52C2}.Release|Any CPU.Build.0 = Release|Any CPU
		{97D64598-C172-40B8-93D1-A8BD4C2C52C2}.Release|ARM64.ActiveCfg = Release|Any CPU
		{97D64598-C172-40B8-93D1-A8BD4C2C52C2}.Release|ARM64.Build.0 = Release|Any CPU
		{97D64598-C172-40B8-93D1-A8BD4C2C52C2}.Release|x64.ActiveCfg = Release|Any CPU
		{97D64598-C172-40B8-93D1-A8BD4C2C52C2}.Release|x64.Build.0 = Release|Any CPU
		{97D64598-C172-40B8-93D1-A8BD4C2C52C2}.Release|x86.ActiveCfg = Release|Any CPU
		{97D64598-C172-40B8-93D1-A8BD4C2C52C2}.Release|x86.Build.0 = Release|Any CPU
		{6467661D-82A0-4747-AB31-852F1A8955A1}.Debug|Any CPU.ActiveCfg = Debug|Any CPU
		{6467661D-82A0-4747-AB31-852F1A8955A1}.Debug|Any CPU.Build.0 = Debug|Any CPU
		{6467661D-82A0-4747-AB31-852F1A8955A1}.Debug|ARM64.ActiveCfg = Debug|Any CPU
		{6467661D-82A0-4747-AB31-852F1A8955A1}.Debug|ARM64.Build.0 = Debug|Any CPU
		{6467661D-82A0-4747-AB31-852F1A8955A1}.Debug|x64.ActiveCfg = Debug|Any CPU
		{6467661D-82A0-4747-AB31-852F1A8955A1}.Debug|x64.Build.0 = Debug|Any CPU
		{6467661D-82A0-4747-AB31-852F1A8955A1}.Debug|x86.ActiveCfg = Debug|Any CPU
		{6467661D-82A0-4747-AB31-852F1A8955A1}.Debug|x86.Build.0 = Debug|Any CPU
		{6467661D-82A0-4747-AB31-852F1A8955A1}.Release|Any CPU.ActiveCfg = Release|Any CPU
		{6467661D-82A0-4747-AB31-852F1A8955A1}.Release|Any CPU.Build.0 = Release|Any CPU
		{6467661D-82A0-4747-AB31-852F1A8955A1}.Release|ARM64.ActiveCfg = Release|Any CPU
		{6467661D-82A0-4747-AB31-852F1A8955A1}.Release|ARM64.Build.0 = Release|Any CPU
		{6467661D-82A0-4747-AB31-852F1A8955A1}.Release|x64.ActiveCfg = Release|Any CPU
		{6467661D-82A0-4747-AB31-852F1A8955A1}.Release|x64.Build.0 = Release|Any CPU
		{6467661D-82A0-4747-AB31-852F1A8955A1}.Release|x86.ActiveCfg = Release|Any CPU
		{6467661D-82A0-4747-AB31-852F1A8955A1}.Release|x86.Build.0 = Release|Any CPU
		{4867F656-A560-4B8B-B73A-33CF850FD837}.Debug|Any CPU.ActiveCfg = Debug|Any CPU
		{4867F656-A560-4B8B-B73A-33CF850FD837}.Debug|Any CPU.Build.0 = Debug|Any CPU
		{4867F656-A560-4B8B-B73A-33CF850FD837}.Debug|ARM64.ActiveCfg = Debug|Any CPU
		{4867F656-A560-4B8B-B73A-33CF850FD837}.Debug|ARM64.Build.0 = Debug|Any CPU
		{4867F656-A560-4B8B-B73A-33CF850FD837}.Debug|x64.ActiveCfg = Debug|Any CPU
		{4867F656-A560-4B8B-B73A-33CF850FD837}.Debug|x64.Build.0 = Debug|Any CPU
		{4867F656-A560-4B8B-B73A-33CF850FD837}.Debug|x86.ActiveCfg = Debug|Any CPU
		{4867F656-A560-4B8B-B73A-33CF850FD837}.Debug|x86.Build.0 = Debug|Any CPU
		{4867F656-A560-4B8B-B73A-33CF850FD837}.Release|Any CPU.ActiveCfg = Release|Any CPU
		{4867F656-A560-4B8B-B73A-33CF850FD837}.Release|Any CPU.Build.0 = Release|Any CPU
		{4867F656-A560-4B8B-B73A-33CF850FD837}.Release|ARM64.ActiveCfg = Release|Any CPU
		{4867F656-A560-4B8B-B73A-33CF850FD837}.Release|ARM64.Build.0 = Release|Any CPU
		{4867F656-A560-4B8B-B73A-33CF850FD837}.Release|x64.ActiveCfg = Release|Any CPU
		{4867F656-A560-4B8B-B73A-33CF850FD837}.Release|x64.Build.0 = Release|Any CPU
		{4867F656-A560-4B8B-B73A-33CF850FD837}.Release|x86.ActiveCfg = Release|Any CPU
		{4867F656-A560-4B8B-B73A-33CF850FD837}.Release|x86.Build.0 = Release|Any CPU
		{585387E5-F7A7-4AA4-BA4C-354BCD6748C2}.Debug|Any CPU.ActiveCfg = Debug|Any CPU
		{585387E5-F7A7-4AA4-BA4C-354BCD6748C2}.Debug|Any CPU.Build.0 = Debug|Any CPU
		{585387E5-F7A7-4AA4-BA4C-354BCD6748C2}.Debug|ARM64.ActiveCfg = Debug|Any CPU
		{585387E5-F7A7-4AA4-BA4C-354BCD6748C2}.Debug|ARM64.Build.0 = Debug|Any CPU
		{585387E5-F7A7-4AA4-BA4C-354BCD6748C2}.Debug|x64.ActiveCfg = Debug|Any CPU
		{585387E5-F7A7-4AA4-BA4C-354BCD6748C2}.Debug|x64.Build.0 = Debug|Any CPU
		{585387E5-F7A7-4AA4-BA4C-354BCD6748C2}.Debug|x86.ActiveCfg = Debug|Any CPU
		{585387E5-F7A7-4AA4-BA4C-354BCD6748C2}.Debug|x86.Build.0 = Debug|Any CPU
		{585387E5-F7A7-4AA4-BA4C-354BCD6748C2}.Release|Any CPU.ActiveCfg = Release|Any CPU
		{585387E5-F7A7-4AA4-BA4C-354BCD6748C2}.Release|Any CPU.Build.0 = Release|Any CPU
		{585387E5-F7A7-4AA4-BA4C-354BCD6748C2}.Release|ARM64.ActiveCfg = Release|Any CPU
		{585387E5-F7A7-4AA4-BA4C-354BCD6748C2}.Release|ARM64.Build.0 = Release|Any CPU
		{585387E5-F7A7-4AA4-BA4C-354BCD6748C2}.Release|x64.ActiveCfg = Release|Any CPU
		{585387E5-F7A7-4AA4-BA4C-354BCD6748C2}.Release|x64.Build.0 = Release|Any CPU
		{585387E5-F7A7-4AA4-BA4C-354BCD6748C2}.Release|x86.ActiveCfg = Release|Any CPU
		{585387E5-F7A7-4AA4-BA4C-354BCD6748C2}.Release|x86.Build.0 = Release|Any CPU
		{B17441AE-962F-4B2F-B533-2654AE6E5CF3}.Debug|Any CPU.ActiveCfg = Debug|x64
		{B17441AE-962F-4B2F-B533-2654AE6E5CF3}.Debug|Any CPU.Build.0 = Debug|x64
		{B17441AE-962F-4B2F-B533-2654AE6E5CF3}.Debug|Any CPU.Deploy.0 = Debug|x64
		{B17441AE-962F-4B2F-B533-2654AE6E5CF3}.Debug|ARM64.ActiveCfg = Debug|ARM64
		{B17441AE-962F-4B2F-B533-2654AE6E5CF3}.Debug|ARM64.Build.0 = Debug|ARM64
		{B17441AE-962F-4B2F-B533-2654AE6E5CF3}.Debug|ARM64.Deploy.0 = Debug|ARM64
		{B17441AE-962F-4B2F-B533-2654AE6E5CF3}.Debug|x64.ActiveCfg = Debug|x64
		{B17441AE-962F-4B2F-B533-2654AE6E5CF3}.Debug|x64.Build.0 = Debug|x64
		{B17441AE-962F-4B2F-B533-2654AE6E5CF3}.Debug|x64.Deploy.0 = Debug|x64
		{B17441AE-962F-4B2F-B533-2654AE6E5CF3}.Debug|x86.ActiveCfg = Debug|x86
		{B17441AE-962F-4B2F-B533-2654AE6E5CF3}.Debug|x86.Build.0 = Debug|x86
		{B17441AE-962F-4B2F-B533-2654AE6E5CF3}.Debug|x86.Deploy.0 = Debug|x86
		{B17441AE-962F-4B2F-B533-2654AE6E5CF3}.Release|Any CPU.ActiveCfg = Release|x64
		{B17441AE-962F-4B2F-B533-2654AE6E5CF3}.Release|Any CPU.Build.0 = Release|x64
		{B17441AE-962F-4B2F-B533-2654AE6E5CF3}.Release|Any CPU.Deploy.0 = Release|x64
		{B17441AE-962F-4B2F-B533-2654AE6E5CF3}.Release|ARM64.ActiveCfg = Release|ARM64
		{B17441AE-962F-4B2F-B533-2654AE6E5CF3}.Release|ARM64.Build.0 = Release|ARM64
		{B17441AE-962F-4B2F-B533-2654AE6E5CF3}.Release|ARM64.Deploy.0 = Release|ARM64
		{B17441AE-962F-4B2F-B533-2654AE6E5CF3}.Release|x64.ActiveCfg = Release|x64
		{B17441AE-962F-4B2F-B533-2654AE6E5CF3}.Release|x64.Build.0 = Release|x64
		{B17441AE-962F-4B2F-B533-2654AE6E5CF3}.Release|x64.Deploy.0 = Release|x64
		{B17441AE-962F-4B2F-B533-2654AE6E5CF3}.Release|x86.ActiveCfg = Release|x86
		{B17441AE-962F-4B2F-B533-2654AE6E5CF3}.Release|x86.Build.0 = Release|x86
		{B17441AE-962F-4B2F-B533-2654AE6E5CF3}.Release|x86.Deploy.0 = Release|x86
		{A4BB9ECF-CBCD-4ED0-BE27-55D261EF8442}.Debug|Any CPU.ActiveCfg = Debug|x64
		{A4BB9ECF-CBCD-4ED0-BE27-55D261EF8442}.Debug|Any CPU.Build.0 = Debug|x64
		{A4BB9ECF-CBCD-4ED0-BE27-55D261EF8442}.Debug|ARM64.ActiveCfg = Debug|ARM64
		{A4BB9ECF-CBCD-4ED0-BE27-55D261EF8442}.Debug|ARM64.Build.0 = Debug|ARM64
		{A4BB9ECF-CBCD-4ED0-BE27-55D261EF8442}.Debug|x64.ActiveCfg = Debug|x64
		{A4BB9ECF-CBCD-4ED0-BE27-55D261EF8442}.Debug|x64.Build.0 = Debug|x64
		{A4BB9ECF-CBCD-4ED0-BE27-55D261EF8442}.Debug|x86.ActiveCfg = Debug|x86
		{A4BB9ECF-CBCD-4ED0-BE27-55D261EF8442}.Debug|x86.Build.0 = Debug|x86
		{A4BB9ECF-CBCD-4ED0-BE27-55D261EF8442}.Release|Any CPU.ActiveCfg = Release|x64
		{A4BB9ECF-CBCD-4ED0-BE27-55D261EF8442}.Release|Any CPU.Build.0 = Release|x64
		{A4BB9ECF-CBCD-4ED0-BE27-55D261EF8442}.Release|ARM64.ActiveCfg = Release|ARM64
		{A4BB9ECF-CBCD-4ED0-BE27-55D261EF8442}.Release|ARM64.Build.0 = Release|ARM64
		{A4BB9ECF-CBCD-4ED0-BE27-55D261EF8442}.Release|x64.ActiveCfg = Release|x64
		{A4BB9ECF-CBCD-4ED0-BE27-55D261EF8442}.Release|x64.Build.0 = Release|x64
		{A4BB9ECF-CBCD-4ED0-BE27-55D261EF8442}.Release|x86.ActiveCfg = Release|x86
		{A4BB9ECF-CBCD-4ED0-BE27-55D261EF8442}.Release|x86.Build.0 = Release|x86
		{98ED680D-EEFA-4487-A903-A22B09E206F8}.Debug|Any CPU.ActiveCfg = Debug|Any CPU
		{98ED680D-EEFA-4487-A903-A22B09E206F8}.Debug|Any CPU.Build.0 = Debug|Any CPU
		{98ED680D-EEFA-4487-A903-A22B09E206F8}.Debug|ARM64.ActiveCfg = Debug|Any CPU
		{98ED680D-EEFA-4487-A903-A22B09E206F8}.Debug|ARM64.Build.0 = Debug|Any CPU
		{98ED680D-EEFA-4487-A903-A22B09E206F8}.Debug|x64.ActiveCfg = Debug|Any CPU
		{98ED680D-EEFA-4487-A903-A22B09E206F8}.Debug|x64.Build.0 = Debug|Any CPU
		{98ED680D-EEFA-4487-A903-A22B09E206F8}.Debug|x86.ActiveCfg = Debug|Any CPU
		{98ED680D-EEFA-4487-A903-A22B09E206F8}.Debug|x86.Build.0 = Debug|Any CPU
		{98ED680D-EEFA-4487-A903-A22B09E206F8}.Release|Any CPU.ActiveCfg = Release|Any CPU
		{98ED680D-EEFA-4487-A903-A22B09E206F8}.Release|Any CPU.Build.0 = Release|Any CPU
		{98ED680D-EEFA-4487-A903-A22B09E206F8}.Release|ARM64.ActiveCfg = Release|Any CPU
		{98ED680D-EEFA-4487-A903-A22B09E206F8}.Release|ARM64.Build.0 = Release|Any CPU
		{98ED680D-EEFA-4487-A903-A22B09E206F8}.Release|x64.ActiveCfg = Release|Any CPU
		{98ED680D-EEFA-4487-A903-A22B09E206F8}.Release|x64.Build.0 = Release|Any CPU
		{98ED680D-EEFA-4487-A903-A22B09E206F8}.Release|x86.ActiveCfg = Release|Any CPU
		{98ED680D-EEFA-4487-A903-A22B09E206F8}.Release|x86.Build.0 = Release|Any CPU
	EndGlobalSection
	GlobalSection(SolutionProperties) = preSolution
		HideSolutionNode = FALSE
	EndGlobalSection
	GlobalSection(ExtensibilityGlobals) = postSolution
		SolutionGuid = {A14C6A5F-2984-48D6-A24C-F2F9E7D4A1ED}
	EndGlobalSection
EndGlobal
